
Microsoft Visual Studio Solution File, Format Version 12.00
# Visual Studio 2013
VisualStudioVersion = 12.0.40629.0
MinimumVisualStudioVersion = 10.0.40219.1
Project("{FAE04EC0-301F-11D3-BF4B-00C04F79EFBC}") = "EmbeddedNativeControl.Droid", "EmbeddedNativeControl\EmbeddedNativeControl.Droid\EmbeddedNativeControl.Droid.csproj", "{3F9A3CD9-921B-4C59-8C83-87AC2EF3F119}"
EndProject
Project("{FAE04EC0-301F-11D3-BF4B-00C04F79EFBC}") = "EmbeddedNativeControl.iOS", "EmbeddedNativeControl\EmbeddedNativeControl.iOS\EmbeddedNativeControl.iOS.csproj", "{6047C3D6-025F-412D-8D9D-BA6EA772AB7D}"
EndProject
Project("{FAE04EC0-301F-11D3-BF4B-00C04F79EFBC}") = "EmbeddedNativeControl.WinPhone", "EmbeddedNativeControl\EmbeddedNativeControl.WinPhone\EmbeddedNativeControl.WinPhone.csproj", "{5696B031-FC79-4B13-992E-3B1591A79308}"
EndProject
Project("{FAE04EC0-301F-11D3-BF4B-00C04F79EFBC}") = "EmbeddedNativeControl.Windows", "EmbeddedNativeControl\EmbeddedNativeControl.Windows\EmbeddedNativeControl.Windows.csproj", "{7DC6B1EB-EEA1-4D32-9894-0563F6424290}"
EndProject
Project("{FAE04EC0-301F-11D3-BF4B-00C04F79EFBC}") = "EmbeddedNativeControl", "EmbeddedNativeControl\EmbeddedNativeControl\EmbeddedNativeControl.csproj", "{97F423AB-F5CE-4F8C-A71A-D3A9824A2A26}"
EndProject
Global
	GlobalSection(SolutionConfigurationPlatforms) = preSolution
		Ad-Hoc|Any CPU = Ad-Hoc|Any CPU
		Ad-Hoc|ARM = Ad-Hoc|ARM
		Ad-Hoc|iPhone = Ad-Hoc|iPhone
		Ad-Hoc|iPhoneSimulator = Ad-Hoc|iPhoneSimulator
		Ad-Hoc|Mixed Platforms = Ad-Hoc|Mixed Platforms
		Ad-Hoc|x64 = Ad-Hoc|x64
		Ad-Hoc|x86 = Ad-Hoc|x86
		AppStore|Any CPU = AppStore|Any CPU
		AppStore|ARM = AppStore|ARM
		AppStore|iPhone = AppStore|iPhone
		AppStore|iPhoneSimulator = AppStore|iPhoneSimulator
		AppStore|Mixed Platforms = AppStore|Mixed Platforms
		AppStore|x64 = AppStore|x64
		AppStore|x86 = AppStore|x86
		Debug|Any CPU = Debug|Any CPU
		Debug|ARM = Debug|ARM
		Debug|iPhone = Debug|iPhone
		Debug|iPhoneSimulator = Debug|iPhoneSimulator
		Debug|Mixed Platforms = Debug|Mixed Platforms
		Debug|x64 = Debug|x64
		Debug|x86 = Debug|x86
		Release|Any CPU = Release|Any CPU
		Release|ARM = Release|ARM
		Release|iPhone = Release|iPhone
		Release|iPhoneSimulator = Release|iPhoneSimulator
		Release|Mixed Platforms = Release|Mixed Platforms
		Release|x64 = Release|x64
		Release|x86 = Release|x86
	EndGlobalSection
	GlobalSection(ProjectConfigurationPlatforms) = postSolution
		{3F9A3CD9-921B-4C59-8C83-87AC2EF3F119}.Ad-Hoc|Any CPU.ActiveCfg = Release|Any CPU
		{3F9A3CD9-921B-4C59-8C83-87AC2EF3F119}.Ad-Hoc|Any CPU.Build.0 = Release|Any CPU
		{3F9A3CD9-921B-4C59-8C83-87AC2EF3F119}.Ad-Hoc|Any CPU.Deploy.0 = Release|Any CPU
		{3F9A3CD9-921B-4C59-8C83-87AC2EF3F119}.Ad-Hoc|ARM.ActiveCfg = Release|Any CPU
		{3F9A3CD9-921B-4C59-8C83-87AC2EF3F119}.Ad-Hoc|iPhone.ActiveCfg = Release|Any CPU
		{3F9A3CD9-921B-4C59-8C83-87AC2EF3F119}.Ad-Hoc|iPhoneSimulator.ActiveCfg = Release|Any CPU
		{3F9A3CD9-921B-4C59-8C83-87AC2EF3F119}.Ad-Hoc|Mixed Platforms.ActiveCfg = Release|Any CPU
		{3F9A3CD9-921B-4C59-8C83-87AC2EF3F119}.Ad-Hoc|Mixed Platforms.Build.0 = Release|Any CPU
		{3F9A3CD9-921B-4C59-8C83-87AC2EF3F119}.Ad-Hoc|Mixed Platforms.Deploy.0 = Release|Any CPU
		{3F9A3CD9-921B-4C59-8C83-87AC2EF3F119}.Ad-Hoc|x64.ActiveCfg = Release|Any CPU
		{3F9A3CD9-921B-4C59-8C83-87AC2EF3F119}.Ad-Hoc|x86.ActiveCfg = Release|Any CPU
		{3F9A3CD9-921B-4C59-8C83-87AC2EF3F119}.AppStore|Any CPU.ActiveCfg = Release|Any CPU
		{3F9A3CD9-921B-4C59-8C83-87AC2EF3F119}.AppStore|Any CPU.Build.0 = Release|Any CPU
		{3F9A3CD9-921B-4C59-8C83-87AC2EF3F119}.AppStore|Any CPU.Deploy.0 = Release|Any CPU
		{3F9A3CD9-921B-4C59-8C83-87AC2EF3F119}.AppStore|ARM.ActiveCfg = Release|Any CPU
		{3F9A3CD9-921B-4C59-8C83-87AC2EF3F119}.AppStore|iPhone.ActiveCfg = Release|Any CPU
		{3F9A3CD9-921B-4C59-8C83-87AC2EF3F119}.AppStore|iPhoneSimulator.ActiveCfg = Release|Any CPU
		{3F9A3CD9-921B-4C59-8C83-87AC2EF3F119}.AppStore|Mixed Platforms.ActiveCfg = Release|Any CPU
		{3F9A3CD9-921B-4C59-8C83-87AC2EF3F119}.AppStore|Mixed Platforms.Build.0 = Release|Any CPU
		{3F9A3CD9-921B-4C59-8C83-87AC2EF3F119}.AppStore|Mixed Platforms.Deploy.0 = Release|Any CPU
		{3F9A3CD9-921B-4C59-8C83-87AC2EF3F119}.AppStore|x64.ActiveCfg = Release|Any CPU
		{3F9A3CD9-921B-4C59-8C83-87AC2EF3F119}.AppStore|x86.ActiveCfg = Release|Any CPU
		{3F9A3CD9-921B-4C59-8C83-87AC2EF3F119}.Debug|Any CPU.ActiveCfg = Debug|Any CPU
		{3F9A3CD9-921B-4C59-8C83-87AC2EF3F119}.Debug|Any CPU.Build.0 = Debug|Any CPU
		{3F9A3CD9-921B-4C59-8C83-87AC2EF3F119}.Debug|Any CPU.Deploy.0 = Debug|Any CPU
		{3F9A3CD9-921B-4C59-8C83-87AC2EF3F119}.Debug|ARM.ActiveCfg = Debug|Any CPU
		{3F9A3CD9-921B-4C59-8C83-87AC2EF3F119}.Debug|iPhone.ActiveCfg = Debug|Any CPU
		{3F9A3CD9-921B-4C59-8C83-87AC2EF3F119}.Debug|iPhoneSimulator.ActiveCfg = Debug|Any CPU
		{3F9A3CD9-921B-4C59-8C83-87AC2EF3F119}.Debug|Mixed Platforms.ActiveCfg = Debug|Any CPU
		{3F9A3CD9-921B-4C59-8C83-87AC2EF3F119}.Debug|Mixed Platforms.Build.0 = Debug|Any CPU
		{3F9A3CD9-921B-4C59-8C83-87AC2EF3F119}.Debug|Mixed Platforms.Deploy.0 = Debug|Any CPU
		{3F9A3CD9-921B-4C59-8C83-87AC2EF3F119}.Debug|x64.ActiveCfg = Debug|Any CPU
		{3F9A3CD9-921B-4C59-8C83-87AC2EF3F119}.Debug|x86.ActiveCfg = Debug|Any CPU
		{3F9A3CD9-921B-4C59-8C83-87AC2EF3F119}.Release|Any CPU.ActiveCfg = Release|Any CPU
		{3F9A3CD9-921B-4C59-8C83-87AC2EF3F119}.Release|Any CPU.Build.0 = Release|Any CPU
		{3F9A3CD9-921B-4C59-8C83-87AC2EF3F119}.Release|Any CPU.Deploy.0 = Release|Any CPU
		{3F9A3CD9-921B-4C59-8C83-87AC2EF3F119}.Release|ARM.ActiveCfg = Release|Any CPU
		{3F9A3CD9-921B-4C59-8C83-87AC2EF3F119}.Release|iPhone.ActiveCfg = Release|Any CPU
		{3F9A3CD9-921B-4C59-8C83-87AC2EF3F119}.Release|iPhoneSimulator.ActiveCfg = Release|Any CPU
		{3F9A3CD9-921B-4C59-8C83-87AC2EF3F119}.Release|Mixed Platforms.ActiveCfg = Release|Any CPU
		{3F9A3CD9-921B-4C59-8C83-87AC2EF3F119}.Release|Mixed Platforms.Build.0 = Release|Any CPU
		{3F9A3CD9-921B-4C59-8C83-87AC2EF3F119}.Release|Mixed Platforms.Deploy.0 = Release|Any CPU
		{3F9A3CD9-921B-4C59-8C83-87AC2EF3F119}.Release|x64.ActiveCfg = Release|Any CPU
		{3F9A3CD9-921B-4C59-8C83-87AC2EF3F119}.Release|x86.ActiveCfg = Release|Any CPU
		{6047C3D6-025F-412D-8D9D-BA6EA772AB7D}.Ad-Hoc|Any CPU.ActiveCfg = Ad-Hoc|iPhone
		{6047C3D6-025F-412D-8D9D-BA6EA772AB7D}.Ad-Hoc|ARM.ActiveCfg = Ad-Hoc|iPhone
		{6047C3D6-025F-412D-8D9D-BA6EA772AB7D}.Ad-Hoc|iPhone.ActiveCfg = Ad-Hoc|iPhone
		{6047C3D6-025F-412D-8D9D-BA6EA772AB7D}.Ad-Hoc|iPhone.Build.0 = Ad-Hoc|iPhone
		{6047C3D6-025F-412D-8D9D-BA6EA772AB7D}.Ad-Hoc|iPhoneSimulator.ActiveCfg = Ad-Hoc|iPhoneSimulator
		{6047C3D6-025F-412D-8D9D-BA6EA772AB7D}.Ad-Hoc|iPhoneSimulator.Build.0 = Ad-Hoc|iPhoneSimulator
		{6047C3D6-025F-412D-8D9D-BA6EA772AB7D}.Ad-Hoc|Mixed Platforms.ActiveCfg = Ad-Hoc|iPhone
		{6047C3D6-025F-412D-8D9D-BA6EA772AB7D}.Ad-Hoc|Mixed Platforms.Build.0 = Ad-Hoc|iPhone
		{6047C3D6-025F-412D-8D9D-BA6EA772AB7D}.Ad-Hoc|x64.ActiveCfg = Ad-Hoc|iPhone
		{6047C3D6-025F-412D-8D9D-BA6EA772AB7D}.Ad-Hoc|x86.ActiveCfg = Ad-Hoc|iPhone
		{6047C3D6-025F-412D-8D9D-BA6EA772AB7D}.AppStore|Any CPU.ActiveCfg = AppStore|iPhone
		{6047C3D6-025F-412D-8D9D-BA6EA772AB7D}.AppStore|ARM.ActiveCfg = AppStore|iPhone
		{6047C3D6-025F-412D-8D9D-BA6EA772AB7D}.AppStore|iPhone.ActiveCfg = AppStore|iPhone
		{6047C3D6-025F-412D-8D9D-BA6EA772AB7D}.AppStore|iPhone.Build.0 = AppStore|iPhone
		{6047C3D6-025F-412D-8D9D-BA6EA772AB7D}.AppStore|iPhoneSimulator.ActiveCfg = AppStore|iPhoneSimulator
		{6047C3D6-025F-412D-8D9D-BA6EA772AB7D}.AppStore|iPhoneSimulator.Build.0 = AppStore|iPhoneSimulator
		{6047C3D6-025F-412D-8D9D-BA6EA772AB7D}.AppStore|Mixed Platforms.ActiveCfg = AppStore|iPhone
		{6047C3D6-025F-412D-8D9D-BA6EA772AB7D}.AppStore|Mixed Platforms.Build.0 = AppStore|iPhone
		{6047C3D6-025F-412D-8D9D-BA6EA772AB7D}.AppStore|x64.ActiveCfg = AppStore|iPhone
		{6047C3D6-025F-412D-8D9D-BA6EA772AB7D}.AppStore|x86.ActiveCfg = AppStore|iPhone
		{6047C3D6-025F-412D-8D9D-BA6EA772AB7D}.Debug|Any CPU.ActiveCfg = Debug|iPhone
		{6047C3D6-025F-412D-8D9D-BA6EA772AB7D}.Debug|ARM.ActiveCfg = Debug|iPhone
		{6047C3D6-025F-412D-8D9D-BA6EA772AB7D}.Debug|iPhone.ActiveCfg = Debug|iPhone
		{6047C3D6-025F-412D-8D9D-BA6EA772AB7D}.Debug|iPhone.Build.0 = Debug|iPhone
		{6047C3D6-025F-412D-8D9D-BA6EA772AB7D}.Debug|iPhoneSimulator.ActiveCfg = Debug|iPhoneSimulator
		{6047C3D6-025F-412D-8D9D-BA6EA772AB7D}.Debug|iPhoneSimulator.Build.0 = Debug|iPhoneSimulator
		{6047C3D6-025F-412D-8D9D-BA6EA772AB7D}.Debug|Mixed Platforms.ActiveCfg = Debug|iPhone
		{6047C3D6-025F-412D-8D9D-BA6EA772AB7D}.Debug|Mixed Platforms.Build.0 = Debug|iPhone
		{6047C3D6-025F-412D-8D9D-BA6EA772AB7D}.Debug|x64.ActiveCfg = Debug|iPhone
		{6047C3D6-025F-412D-8D9D-BA6EA772AB7D}.Debug|x86.ActiveCfg = Debug|iPhone
		{6047C3D6-025F-412D-8D9D-BA6EA772AB7D}.Release|Any CPU.ActiveCfg = Release|iPhone
		{6047C3D6-025F-412D-8D9D-BA6EA772AB7D}.Release|ARM.ActiveCfg = Release|iPhone
		{6047C3D6-025F-412D-8D9D-BA6EA772AB7D}.Release|iPhone.ActiveCfg = Release|iPhone
		{6047C3D6-025F-412D-8D9D-BA6EA772AB7D}.Release|iPhone.Build.0 = Release|iPhone
		{6047C3D6-025F-412D-8D9D-BA6EA772AB7D}.Release|iPhoneSimulator.ActiveCfg = Release|iPhoneSimulator
		{6047C3D6-025F-412D-8D9D-BA6EA772AB7D}.Release|iPhoneSimulator.Build.0 = Release|iPhoneSimulator
		{6047C3D6-025F-412D-8D9D-BA6EA772AB7D}.Release|Mixed Platforms.ActiveCfg = Release|iPhone
		{6047C3D6-025F-412D-8D9D-BA6EA772AB7D}.Release|Mixed Platforms.Build.0 = Release|iPhone
		{6047C3D6-025F-412D-8D9D-BA6EA772AB7D}.Release|x64.ActiveCfg = Release|iPhone
		{6047C3D6-025F-412D-8D9D-BA6EA772AB7D}.Release|x86.ActiveCfg = Release|iPhone
		{5696B031-FC79-4B13-992E-3B1591A79308}.Ad-Hoc|Any CPU.ActiveCfg = Release|Any CPU
		{5696B031-FC79-4B13-992E-3B1591A79308}.Ad-Hoc|Any CPU.Build.0 = Release|Any CPU
		{5696B031-FC79-4B13-992E-3B1591A79308}.Ad-Hoc|Any CPU.Deploy.0 = Release|Any CPU
		{5696B031-FC79-4B13-992E-3B1591A79308}.Ad-Hoc|ARM.ActiveCfg = Release|ARM
		{5696B031-FC79-4B13-992E-3B1591A79308}.Ad-Hoc|ARM.Build.0 = Release|ARM
		{5696B031-FC79-4B13-992E-3B1591A79308}.Ad-Hoc|ARM.Deploy.0 = Release|ARM
		{5696B031-FC79-4B13-992E-3B1591A79308}.Ad-Hoc|iPhone.ActiveCfg = Release|Any CPU
		{5696B031-FC79-4B13-992E-3B1591A79308}.Ad-Hoc|iPhoneSimulator.ActiveCfg = Release|Any CPU
		{5696B031-FC79-4B13-992E-3B1591A79308}.Ad-Hoc|Mixed Platforms.ActiveCfg = Release|x86
		{5696B031-FC79-4B13-992E-3B1591A79308}.Ad-Hoc|Mixed Platforms.Build.0 = Release|x86
		{5696B031-FC79-4B13-992E-3B1591A79308}.Ad-Hoc|Mixed Platforms.Deploy.0 = Release|x86
		{5696B031-FC79-4B13-992E-3B1591A79308}.Ad-Hoc|x64.ActiveCfg = Release|Any CPU
		{5696B031-FC79-4B13-992E-3B1591A79308}.Ad-Hoc|x86.ActiveCfg = Release|x86
		{5696B031-FC79-4B13-992E-3B1591A79308}.Ad-Hoc|x86.Build.0 = Release|x86
		{5696B031-FC79-4B13-992E-3B1591A79308}.Ad-Hoc|x86.Deploy.0 = Release|x86
		{5696B031-FC79-4B13-992E-3B1591A79308}.AppStore|Any CPU.ActiveCfg = Release|Any CPU
		{5696B031-FC79-4B13-992E-3B1591A79308}.AppStore|Any CPU.Build.0 = Release|Any CPU
		{5696B031-FC79-4B13-992E-3B1591A79308}.AppStore|Any CPU.Deploy.0 = Release|Any CPU
		{5696B031-FC79-4B13-992E-3B1591A79308}.AppStore|ARM.ActiveCfg = Release|ARM
		{5696B031-FC79-4B13-992E-3B1591A79308}.AppStore|ARM.Build.0 = Release|ARM
		{5696B031-FC79-4B13-992E-3B1591A79308}.AppStore|ARM.Deploy.0 = Release|ARM
		{5696B031-FC79-4B13-992E-3B1591A79308}.AppStore|iPhone.ActiveCfg = Release|Any CPU
		{5696B031-FC79-4B13-992E-3B1591A79308}.AppStore|iPhoneSimulator.ActiveCfg = Release|Any CPU
		{5696B031-FC79-4B13-992E-3B1591A79308}.AppStore|Mixed Platforms.ActiveCfg = Release|x86
		{5696B031-FC79-4B13-992E-3B1591A79308}.AppStore|Mixed Platforms.Build.0 = Release|x86
		{5696B031-FC79-4B13-992E-3B1591A79308}.AppStore|Mixed Platforms.Deploy.0 = Release|x86
		{5696B031-FC79-4B13-992E-3B1591A79308}.AppStore|x64.ActiveCfg = Release|Any CPU
		{5696B031-FC79-4B13-992E-3B1591A79308}.AppStore|x86.ActiveCfg = Release|x86
		{5696B031-FC79-4B13-992E-3B1591A79308}.AppStore|x86.Build.0 = Release|x86
		{5696B031-FC79-4B13-992E-3B1591A79308}.AppStore|x86.Deploy.0 = Release|x86
		{5696B031-FC79-4B13-992E-3B1591A79308}.Debug|Any CPU.ActiveCfg = Debug|Any CPU
		{5696B031-FC79-4B13-992E-3B1591A79308}.Debug|Any CPU.Build.0 = Debug|Any CPU
		{5696B031-FC79-4B13-992E-3B1591A79308}.Debug|Any CPU.Deploy.0 = Debug|Any CPU
		{5696B031-FC79-4B13-992E-3B1591A79308}.Debug|ARM.ActiveCfg = Debug|ARM
		{5696B031-FC79-4B13-992E-3B1591A79308}.Debug|ARM.Build.0 = Debug|ARM
		{5696B031-FC79-4B13-992E-3B1591A79308}.Debug|ARM.Deploy.0 = Debug|ARM
		{5696B031-FC79-4B13-992E-3B1591A79308}.Debug|iPhone.ActiveCfg = Debug|Any CPU
		{5696B031-FC79-4B13-992E-3B1591A79308}.Debug|iPhoneSimulator.ActiveCfg = Debug|Any CPU
		{5696B031-FC79-4B13-992E-3B1591A79308}.Debug|Mixed Platforms.ActiveCfg = Debug|x86
		{5696B031-FC79-4B13-992E-3B1591A79308}.Debug|Mixed Platforms.Build.0 = Debug|x86
		{5696B031-FC79-4B13-992E-3B1591A79308}.Debug|Mixed Platforms.Deploy.0 = Debug|x86
		{5696B031-FC79-4B13-992E-3B1591A79308}.Debug|x64.ActiveCfg = Debug|Any CPU
		{5696B031-FC79-4B13-992E-3B1591A79308}.Debug|x86.ActiveCfg = Debug|x86
		{5696B031-FC79-4B13-992E-3B1591A79308}.Debug|x86.Build.0 = Debug|x86
		{5696B031-FC79-4B13-992E-3B1591A79308}.Debug|x86.Deploy.0 = Debug|x86
		{5696B031-FC79-4B13-992E-3B1591A79308}.Release|Any CPU.ActiveCfg = Release|Any CPU
		{5696B031-FC79-4B13-992E-3B1591A79308}.Release|Any CPU.Build.0 = Release|Any CPU
		{5696B031-FC79-4B13-992E-3B1591A79308}.Release|Any CPU.Deploy.0 = Release|Any CPU
		{5696B031-FC79-4B13-992E-3B1591A79308}.Release|ARM.ActiveCfg = Release|ARM
		{5696B031-FC79-4B13-992E-3B1591A79308}.Release|ARM.Build.0 = Release|ARM
		{5696B031-FC79-4B13-992E-3B1591A79308}.Release|ARM.Deploy.0 = Release|ARM
		{5696B031-FC79-4B13-992E-3B1591A79308}.Release|iPhone.ActiveCfg = Release|Any CPU
		{5696B031-FC79-4B13-992E-3B1591A79308}.Release|iPhoneSimulator.ActiveCfg = Release|Any CPU
		{5696B031-FC79-4B13-992E-3B1591A79308}.Release|Mixed Platforms.ActiveCfg = Release|x86
		{5696B031-FC79-4B13-992E-3B1591A79308}.Release|Mixed Platforms.Build.0 = Release|x86
		{5696B031-FC79-4B13-992E-3B1591A79308}.Release|Mixed Platforms.Deploy.0 = Release|x86
		{5696B031-FC79-4B13-992E-3B1591A79308}.Release|x64.ActiveCfg = Release|Any CPU
		{5696B031-FC79-4B13-992E-3B1591A79308}.Release|x86.ActiveCfg = Release|x86
		{5696B031-FC79-4B13-992E-3B1591A79308}.Release|x86.Build.0 = Release|x86
		{5696B031-FC79-4B13-992E-3B1591A79308}.Release|x86.Deploy.0 = Release|x86
		{7DC6B1EB-EEA1-4D32-9894-0563F6424290}.Ad-Hoc|Any CPU.ActiveCfg = Release|Any CPU
		{7DC6B1EB-EEA1-4D32-9894-0563F6424290}.Ad-Hoc|Any CPU.Build.0 = Release|Any CPU
		{7DC6B1EB-EEA1-4D32-9894-0563F6424290}.Ad-Hoc|Any CPU.Deploy.0 = Release|Any CPU
		{7DC6B1EB-EEA1-4D32-9894-0563F6424290}.Ad-Hoc|ARM.ActiveCfg = Release|ARM
		{7DC6B1EB-EEA1-4D32-9894-0563F6424290}.Ad-Hoc|ARM.Build.0 = Release|ARM
		{7DC6B1EB-EEA1-4D32-9894-0563F6424290}.Ad-Hoc|ARM.Deploy.0 = Release|ARM
		{7DC6B1EB-EEA1-4D32-9894-0563F6424290}.Ad-Hoc|iPhone.ActiveCfg = Release|Any CPU
		{7DC6B1EB-EEA1-4D32-9894-0563F6424290}.Ad-Hoc|iPhoneSimulator.ActiveCfg = Release|Any CPU
		{7DC6B1EB-EEA1-4D32-9894-0563F6424290}.Ad-Hoc|Mixed Platforms.ActiveCfg = Release|x86
		{7DC6B1EB-EEA1-4D32-9894-0563F6424290}.Ad-Hoc|Mixed Platforms.Build.0 = Release|x86
		{7DC6B1EB-EEA1-4D32-9894-0563F6424290}.Ad-Hoc|Mixed Platforms.Deploy.0 = Release|x86
		{7DC6B1EB-EEA1-4D32-9894-0563F6424290}.Ad-Hoc|x64.ActiveCfg = Release|x64
		{7DC6B1EB-EEA1-4D32-9894-0563F6424290}.Ad-Hoc|x64.Build.0 = Release|x64
		{7DC6B1EB-EEA1-4D32-9894-0563F6424290}.Ad-Hoc|x64.Deploy.0 = Release|x64
		{7DC6B1EB-EEA1-4D32-9894-0563F6424290}.Ad-Hoc|x86.ActiveCfg = Release|x86
		{7DC6B1EB-EEA1-4D32-9894-0563F6424290}.Ad-Hoc|x86.Build.0 = Release|x86
		{7DC6B1EB-EEA1-4D32-9894-0563F6424290}.Ad-Hoc|x86.Deploy.0 = Release|x86
		{7DC6B1EB-EEA1-4D32-9894-0563F6424290}.AppStore|Any CPU.ActiveCfg = Release|Any CPU
		{7DC6B1EB-EEA1-4D32-9894-0563F6424290}.AppStore|Any CPU.Build.0 = Release|Any CPU
		{7DC6B1EB-EEA1-4D32-9894-0563F6424290}.AppStore|Any CPU.Deploy.0 = Release|Any CPU
		{7DC6B1EB-EEA1-4D32-9894-0563F6424290}.AppStore|ARM.ActiveCfg = Release|ARM
		{7DC6B1EB-EEA1-4D32-9894-0563F6424290}.AppStore|ARM.Build.0 = Release|ARM
		{7DC6B1EB-EEA1-4D32-9894-0563F6424290}.AppStore|ARM.Deploy.0 = Release|ARM
		{7DC6B1EB-EEA1-4D32-9894-0563F6424290}.AppStore|iPhone.ActiveCfg = Release|Any CPU
		{7DC6B1EB-EEA1-4D32-9894-0563F6424290}.AppStore|iPhoneSimulator.ActiveCfg = Release|Any CPU
		{7DC6B1EB-EEA1-4D32-9894-0563F6424290}.AppStore|Mixed Platforms.ActiveCfg = Release|x86
		{7DC6B1EB-EEA1-4D32-9894-0563F6424290}.AppStore|Mixed Platforms.Build.0 = Release|x86
		{7DC6B1EB-EEA1-4D32-9894-0563F6424290}.AppStore|Mixed Platforms.Deploy.0 = Release|x86
		{7DC6B1EB-EEA1-4D32-9894-0563F6424290}.AppStore|x64.ActiveCfg = Release|x64
		{7DC6B1EB-EEA1-4D32-9894-0563F6424290}.AppStore|x64.Build.0 = Release|x64
		{7DC6B1EB-EEA1-4D32-9894-0563F6424290}.AppStore|x64.Deploy.0 = Release|x64
		{7DC6B1EB-EEA1-4D32-9894-0563F6424290}.AppStore|x86.ActiveCfg = Release|x86
		{7DC6B1EB-EEA1-4D32-9894-0563F6424290}.AppStore|x86.Build.0 = Release|x86
		{7DC6B1EB-EEA1-4D32-9894-0563F6424290}.AppStore|x86.Deploy.0 = Release|x86
		{7DC6B1EB-EEA1-4D32-9894-0563F6424290}.Debug|Any CPU.ActiveCfg = Debug|Any CPU
		{7DC6B1EB-EEA1-4D32-9894-0563F6424290}.Debug|Any CPU.Build.0 = Debug|Any CPU
		{7DC6B1EB-EEA1-4D32-9894-0563F6424290}.Debug|Any CPU.Deploy.0 = Debug|Any CPU
		{7DC6B1EB-EEA1-4D32-9894-0563F6424290}.Debug|ARM.ActiveCfg = Debug|ARM
		{7DC6B1EB-EEA1-4D32-9894-0563F6424290}.Debug|ARM.Build.0 = Debug|ARM
		{7DC6B1EB-EEA1-4D32-9894-0563F6424290}.Debug|ARM.Deploy.0 = Debug|ARM
		{7DC6B1EB-EEA1-4D32-9894-0563F6424290}.Debug|iPhone.ActiveCfg = Debug|Any CPU
		{7DC6B1EB-EEA1-4D32-9894-0563F6424290}.Debug|iPhoneSimulator.ActiveCfg = Debug|Any CPU
		{7DC6B1EB-EEA1-4D32-9894-0563F6424290}.Debug|Mixed Platforms.ActiveCfg = Debug|x86
		{7DC6B1EB-EEA1-4D32-9894-0563F6424290}.Debug|Mixed Platforms.Build.0 = Debug|x86
		{7DC6B1EB-EEA1-4D32-9894-0563F6424290}.Debug|Mixed Platforms.Deploy.0 = Debug|x86
		{7DC6B1EB-EEA1-4D32-9894-0563F6424290}.Debug|x64.ActiveCfg = Debug|x64
		{7DC6B1EB-EEA1-4D32-9894-0563F6424290}.Debug|x64.Build.0 = Debug|x64
		{7DC6B1EB-EEA1-4D32-9894-0563F6424290}.Debug|x64.Deploy.0 = Debug|x64
		{7DC6B1EB-EEA1-4D32-9894-0563F6424290}.Debug|x86.ActiveCfg = Debug|x86
		{7DC6B1EB-EEA1-4D32-9894-0563F6424290}.Debug|x86.Build.0 = Debug|x86
		{7DC6B1EB-EEA1-4D32-9894-0563F6424290}.Debug|x86.Deploy.0 = Debug|x86
		{7DC6B1EB-EEA1-4D32-9894-0563F6424290}.Release|Any CPU.ActiveCfg = Release|Any CPU
		{7DC6B1EB-EEA1-4D32-9894-0563F6424290}.Release|Any CPU.Build.0 = Release|Any CPU
		{7DC6B1EB-EEA1-4D32-9894-0563F6424290}.Release|Any CPU.Deploy.0 = Release|Any CPU
		{7DC6B1EB-EEA1-4D32-9894-0563F6424290}.Release|ARM.ActiveCfg = Release|ARM
		{7DC6B1EB-EEA1-4D32-9894-0563F6424290}.Release|ARM.Build.0 = Release|ARM
		{7DC6B1EB-EEA1-4D32-9894-0563F6424290}.Release|ARM.Deploy.0 = Release|ARM
		{7DC6B1EB-EEA1-4D32-9894-0563F6424290}.Release|iPhone.ActiveCfg = Release|Any CPU
		{7DC6B1EB-EEA1-4D32-9894-0563F6424290}.Release|iPhoneSimulator.ActiveCfg = Release|Any CPU
		{7DC6B1EB-EEA1-4D32-9894-0563F6424290}.Release|Mixed Platforms.ActiveCfg = Release|x86
		{7DC6B1EB-EEA1-4D32-9894-0563F6424290}.Release|Mixed Platforms.Build.0 = Release|x86
		{7DC6B1EB-EEA1-4D32-9894-0563F6424290}.Release|Mixed Platforms.Deploy.0 = Release|x86
		{7DC6B1EB-EEA1-4D32-9894-0563F6424290}.Release|x64.ActiveCfg = Release|x64
		{7DC6B1EB-EEA1-4D32-9894-0563F6424290}.Release|x64.Build.0 = Release|x64
		{7DC6B1EB-EEA1-4D32-9894-0563F6424290}.Release|x64.Deploy.0 = Release|x64
		{7DC6B1EB-EEA1-4D32-9894-0563F6424290}.Release|x86.ActiveCfg = Release|x86
		{7DC6B1EB-EEA1-4D32-9894-0563F6424290}.Release|x86.Build.0 = Release|x86
		{7DC6B1EB-EEA1-4D32-9894-0563F6424290}.Release|x86.Deploy.0 = Release|x86
		{97F423AB-F5CE-4F8C-A71A-D3A9824A2A26}.Ad-Hoc|Any CPU.ActiveCfg = Release|Any CPU
		{97F423AB-F5CE-4F8C-A71A-D3A9824A2A26}.Ad-Hoc|Any CPU.Build.0 = Release|Any CPU
		{97F423AB-F5CE-4F8C-A71A-D3A9824A2A26}.Ad-Hoc|ARM.ActiveCfg = Release|Any CPU
		{97F423AB-F5CE-4F8C-A71A-D3A9824A2A26}.Ad-Hoc|iPhone.ActiveCfg = Release|Any CPU
		{97F423AB-F5CE-4F8C-A71A-D3A9824A2A26}.Ad-Hoc|iPhone.Build.0 = Release|Any CPU
		{97F423AB-F5CE-4F8C-A71A-D3A9824A2A26}.Ad-Hoc|iPhoneSimulator.ActiveCfg = Release|Any CPU
		{97F423AB-F5CE-4F8C-A71A-D3A9824A2A26}.Ad-Hoc|iPhoneSimulator.Build.0 = Release|Any CPU
		{97F423AB-F5CE-4F8C-A71A-D3A9824A2A26}.Ad-Hoc|Mixed Platforms.ActiveCfg = Release|Any CPU
		{97F423AB-F5CE-4F8C-A71A-D3A9824A2A26}.Ad-Hoc|Mixed Platforms.Build.0 = Release|Any CPU
		{97F423AB-F5CE-4F8C-A71A-D3A9824A2A26}.Ad-Hoc|x64.ActiveCfg = Release|Any CPU
		{97F423AB-F5CE-4F8C-A71A-D3A9824A2A26}.Ad-Hoc|x86.ActiveCfg = Release|Any CPU
		{97F423AB-F5CE-4F8C-A71A-D3A9824A2A26}.AppStore|Any CPU.ActiveCfg = Release|Any CPU
		{97F423AB-F5CE-4F8C-A71A-D3A9824A2A26}.AppStore|Any CPU.Build.0 = Release|Any CPU
		{97F423AB-F5CE-4F8C-A71A-D3A9824A2A26}.AppStore|ARM.ActiveCfg = Release|Any CPU
		{97F423AB-F5CE-4F8C-A71A-D3A9824A2A26}.AppStore|iPhone.ActiveCfg = Release|Any CPU
		{97F423AB-F5CE-4F8C-A71A-D3A9824A2A26}.AppStore|iPhone.Build.0 = Release|Any CPU
		{97F423AB-F5CE-4F8C-A71A-D3A9824A2A26}.AppStore|iPhoneSimulator.ActiveCfg = Release|Any CPU
		{97F423AB-F5CE-4F8C-A71A-D3A9824A2A26}.AppStore|iPhoneSimulator.Build.0 = Release|Any CPU
		{97F423AB-F5CE-4F8C-A71A-D3A9824A2A26}.AppStore|Mixed Platforms.ActiveCfg = Release|Any CPU
		{97F423AB-F5CE-4F8C-A71A-D3A9824A2A26}.AppStore|Mixed Platforms.Build.0 = Release|Any CPU
		{97F423AB-F5CE-4F8C-A71A-D3A9824A2A26}.AppStore|x64.ActiveCfg = Release|Any CPU
		{97F423AB-F5CE-4F8C-A71A-D3A9824A2A26}.AppStore|x86.ActiveCfg = Release|Any CPU
		{97F423AB-F5CE-4F8C-A71A-D3A9824A2A26}.Debug|Any CPU.ActiveCfg = Debug|Any CPU
		{97F423AB-F5CE-4F8C-A71A-D3A9824A2A26}.Debug|Any CPU.Build.0 = Debug|Any CPU
		{97F423AB-F5CE-4F8C-A71A-D3A9824A2A26}.Debug|ARM.ActiveCfg = Debug|Any CPU
		{97F423AB-F5CE-4F8C-A71A-D3A9824A2A26}.Debug|iPhone.ActiveCfg = Debug|Any CPU
		{97F423AB-F5CE-4F8C-A71A-D3A9824A2A26}.Debug|iPhone.Build.0 = Debug|Any CPU
		{97F423AB-F5CE-4F8C-A71A-D3A9824A2A26}.Debug|iPhoneSimulator.ActiveCfg = Debug|Any CPU
		{97F423AB-F5CE-4F8C-A71A-D3A9824A2A26}.Debug|iPhoneSimulator.Build.0 = Debug|Any CPU
		{97F423AB-F5CE-4F8C-A71A-D3A9824A2A26}.Debug|Mixed Platforms.ActiveCfg = Debug|Any CPU
		{97F423AB-F5CE-4F8C-A71A-D3A9824A2A26}.Debug|Mixed Platforms.Build.0 = Debug|Any CPU
		{97F423AB-F5CE-4F8C-A71A-D3A9824A2A26}.Debug|x64.ActiveCfg = Debug|Any CPU
		{97F423AB-F5CE-4F8C-A71A-D3A9824A2A26}.Debug|x86.ActiveCfg = Debug|Any CPU
		{97F423AB-F5CE-4F8C-A71A-D3A9824A2A26}.Release|Any CPU.ActiveCfg = Release|Any CPU
		{97F423AB-F5CE-4F8C-A71A-D3A9824A2A26}.Release|Any CPU.Build.0 = Release|Any CPU
		{97F423AB-F5CE-4F8C-A71A-D3A9824A2A26}.Release|ARM.ActiveCfg = Release|Any CPU
		{97F423AB-F5CE-4F8C-A71A-D3A9824A2A26}.Release|iPhone.ActiveCfg = Release|Any CPU
		{97F423AB-F5CE-4F8C-A71A-D3A9824A2A26}.Release|iPhone.Build.0 = Release|Any CPU
		{97F423AB-F5CE-4F8C-A71A-D3A9824A2A26}.Release|iPhoneSimulator.ActiveCfg = Release|Any CPU
		{97F423AB-F5CE-4F8C-A71A-D3A9824A2A26}.Release|iPhoneSimulator.Build.0 = Release|Any CPU
		{97F423AB-F5CE-4F8C-A71A-D3A9824A2A26}.Release|Mixed Platforms.ActiveCfg = Release|Any CPU
		{97F423AB-F5CE-4F8C-A71A-D3A9824A2A26}.Release|Mixed Platforms.Build.0 = Release|Any CPU
		{97F423AB-F5CE-4F8C-A71A-D3A9824A2A26}.Release|x64.ActiveCfg = Release|Any CPU
		{97F423AB-F5CE-4F8C-A71A-D3A9824A2A26}.Release|x86.ActiveCfg = Release|Any CPU
	EndGlobalSection
	GlobalSection(SolutionProperties) = preSolution
		HideSolutionNode = FALSE
	EndGlobalSection
EndGlobal
